
Microsoft Visual Studio Solution File, Format Version 12.00
# Visual Studio Version 16
VisualStudioVersion = 16.0.31515.178
MinimumVisualStudioVersion = 10.0.40219.1
Project("{FAE04EC0-301F-11D3-BF4B-00C04F79EFBC}") = "Docloop_task_4", "Docloop_task_4\Docloop_task_4.csproj", "{50D89EEC-059E-421E-AAE6-C6A5001ECB29}"
EndProject
Global
	GlobalSection(SolutionConfigurationPlatforms) = preSolution
		Debug|Any CPU = Debug|Any CPU
		Release|Any CPU = Release|Any CPU
	EndGlobalSection
	GlobalSection(ProjectConfigurationPlatforms) = postSolution
		{50D89EEC-059E-421E-AAE6-C6A5001ECB29}.Debug|Any CPU.ActiveCfg = Debug|Any CPU
		{50D89EEC-059E-421E-AAE6-C6A5001ECB29}.Debug|Any CPU.Build.0 = Debug|Any CPU
		{50D89EEC-059E-421E-AAE6-C6A5001ECB29}.Release|Any CPU.ActiveCfg = Release|Any CPU
		{50D89EEC-059E-421E-AAE6-C6A5001ECB29}.Release|Any CPU.Build.0 = Release|Any CPU
	EndGlobalSection
	GlobalSection(SolutionProperties) = preSolution
		HideSolutionNode = FALSE
	EndGlobalSection
	GlobalSection(ExtensibilityGlobals) = postSolution
		SolutionGuid = {8098E93B-BD10-4ED3-8C78-11115725840D}
	EndGlobalSection
EndGlobal
